
Microsoft Visual Studio Solution File, Format Version 12.00
# Visual Studio Version 17
VisualStudioVersion = 17.0.32126.317
MinimumVisualStudioVersion = 10.0.40219.1
Project("{FAE04EC0-301F-11D3-BF4B-00C04F79EFBC}") = "DrugConsume.Entity", "DrugConsume.Entity\DrugConsume.Entity.csproj", "{8B7C9F6B-16C0-4EDB-87D7-F79AE7CB5EB8}"
EndProject
Project("{FAE04EC0-301F-11D3-BF4B-00C04F79EFBC}") = "DrugConsume.WindowsFormUI", "DrugConsume.WindowsFormUI\DrugConsume.WindowsFormUI.csproj", "{9B14CE2F-B96D-4E05-A71A-59109E03C983}"
EndProject
Project("{FAE04EC0-301F-11D3-BF4B-00C04F79EFBC}") = "DrugConsume.Business", "DrugConsume.Business\DrugConsume.Business.csproj", "{27BF21CC-3FD7-423E-8189-6D3FB0AD8F90}"
EndProject
Global
	GlobalSection(SolutionConfigurationPlatforms) = preSolution
		Debug|Any CPU = Debug|Any CPU
		Release|Any CPU = Release|Any CPU
	EndGlobalSection
	GlobalSection(ProjectConfigurationPlatforms) = postSolution
		{8B7C9F6B-16C0-4EDB-87D7-F79AE7CB5EB8}.Debug|Any CPU.ActiveCfg = Debug|Any CPU
		{8B7C9F6B-16C0-4EDB-87D7-F79AE7CB5EB8}.Debug|Any CPU.Build.0 = Debug|Any CPU
		{8B7C9F6B-16C0-4EDB-87D7-F79AE7CB5EB8}.Release|Any CPU.ActiveCfg = Release|Any CPU
		{8B7C9F6B-16C0-4EDB-87D7-F79AE7CB5EB8}.Release|Any CPU.Build.0 = Release|Any CPU
		{9B14CE2F-B96D-4E05-A71A-59109E03C983}.Debug|Any CPU.ActiveCfg = Debug|Any CPU
		{9B14CE2F-B96D-4E05-A71A-59109E03C983}.Debug|Any CPU.Build.0 = Debug|Any CPU
		{9B14CE2F-B96D-4E05-A71A-59109E03C983}.Release|Any CPU.ActiveCfg = Release|Any CPU
		{9B14CE2F-B96D-4E05-A71A-59109E03C983}.Release|Any CPU.Build.0 = Release|Any CPU
		{27BF21CC-3FD7-423E-8189-6D3FB0AD8F90}.Debug|Any CPU.ActiveCfg = Debug|Any CPU
		{27BF21CC-3FD7-423E-8189-6D3FB0AD8F90}.Debug|Any CPU.Build.0 = Debug|Any CPU
		{27BF21CC-3FD7-423E-8189-6D3FB0AD8F90}.Release|Any CPU.ActiveCfg = Release|Any CPU
		{27BF21CC-3FD7-423E-8189-6D3FB0AD8F90}.Release|Any CPU.Build.0 = Release|Any CPU
	EndGlobalSection
	GlobalSection(SolutionProperties) = preSolution
		HideSolutionNode = FALSE
	EndGlobalSection
	GlobalSection(ExtensibilityGlobals) = postSolution
		SolutionGuid = {4D9C97B4-389D-417C-9842-22A4D8AAD683}
	EndGlobalSection
EndGlobal
